
Microsoft Visual Studio Solution File, Format Version 12.00
# Visual Studio Version 16
VisualStudioVersion = 16.0.30611.23
MinimumVisualStudioVersion = 10.0.40219.1
Project("{FAE04EC0-301F-11D3-BF4B-00C04F79EFBC}") = "SingleInheritance", "Lab_inheritance\SingleInheritance.csproj", "{5EDA072E-ADB7-4253-9AFA-E2DA1CD191A3}"
EndProject
Project("{FAE04EC0-301F-11D3-BF4B-00C04F79EFBC}") = "MultipleInheritance", "MultipleInheritance\MultipleInheritance.csproj", "{9882313B-BEAF-461E-A977-96F94C1B527C}"
EndProject
Project("{FAE04EC0-301F-11D3-BF4B-00C04F79EFBC}") = "Hierarchical Inheritance", "Hierarchical Inheritance\Hierarchical Inheritance.csproj", "{BB2BC4EE-A670-4299-A31D-F5992E4CAB2E}"
EndProject
Project("{FAE04EC0-301F-11D3-BF4B-00C04F79EFBC}") = "RandomList", "RandomList\RandomList.csproj", "{AFD99ADD-2E66-40A4-B8CE-1C1CC81DB116}"
EndProject
Project("{FAE04EC0-301F-11D3-BF4B-00C04F79EFBC}") = "StackOfStrings", "StackOfStrings\StackOfStrings.csproj", "{66DA8B85-7CEC-45B8-942E-C78AE09454B7}"
EndProject
Global
	GlobalSection(SolutionConfigurationPlatforms) = preSolution
		Debug|Any CPU = Debug|Any CPU
		Release|Any CPU = Release|Any CPU
	EndGlobalSection
	GlobalSection(ProjectConfigurationPlatforms) = postSolution
		{5EDA072E-ADB7-4253-9AFA-E2DA1CD191A3}.Debug|Any CPU.ActiveCfg = Debug|Any CPU
		{5EDA072E-ADB7-4253-9AFA-E2DA1CD191A3}.Debug|Any CPU.Build.0 = Debug|Any CPU
		{5EDA072E-ADB7-4253-9AFA-E2DA1CD191A3}.Release|Any CPU.ActiveCfg = Release|Any CPU
		{5EDA072E-ADB7-4253-9AFA-E2DA1CD191A3}.Release|Any CPU.Build.0 = Release|Any CPU
		{9882313B-BEAF-461E-A977-96F94C1B527C}.Debug|Any CPU.ActiveCfg = Debug|Any CPU
		{9882313B-BEAF-461E-A977-96F94C1B527C}.Debug|Any CPU.Build.0 = Debug|Any CPU
		{9882313B-BEAF-461E-A977-96F94C1B527C}.Release|Any CPU.ActiveCfg = Release|Any CPU
		{9882313B-BEAF-461E-A977-96F94C1B527C}.Release|Any CPU.Build.0 = Release|Any CPU
		{BB2BC4EE-A670-4299-A31D-F5992E4CAB2E}.Debug|Any CPU.ActiveCfg = Debug|Any CPU
		{BB2BC4EE-A670-4299-A31D-F5992E4CAB2E}.Debug|Any CPU.Build.0 = Debug|Any CPU
		{BB2BC4EE-A670-4299-A31D-F5992E4CAB2E}.Release|Any CPU.ActiveCfg = Release|Any CPU
		{BB2BC4EE-A670-4299-A31D-F5992E4CAB2E}.Release|Any CPU.Build.0 = Release|Any CPU
		{AFD99ADD-2E66-40A4-B8CE-1C1CC81DB116}.Debug|Any CPU.ActiveCfg = Debug|Any CPU
		{AFD99ADD-2E66-40A4-B8CE-1C1CC81DB116}.Debug|Any CPU.Build.0 = Debug|Any CPU
		{AFD99ADD-2E66-40A4-B8CE-1C1CC81DB116}.Release|Any CPU.ActiveCfg = Release|Any CPU
		{AFD99ADD-2E66-40A4-B8CE-1C1CC81DB116}.Release|Any CPU.Build.0 = Release|Any CPU
		{66DA8B85-7CEC-45B8-942E-C78AE09454B7}.Debug|Any CPU.ActiveCfg = Debug|Any CPU
		{66DA8B85-7CEC-45B8-942E-C78AE09454B7}.Debug|Any CPU.Build.0 = Debug|Any CPU
		{66DA8B85-7CEC-45B8-942E-C78AE09454B7}.Release|Any CPU.ActiveCfg = Release|Any CPU
		{66DA8B85-7CEC-45B8-942E-C78AE09454B7}.Release|Any CPU.Build.0 = Release|Any CPU
	EndGlobalSection
	GlobalSection(SolutionProperties) = preSolution
		HideSolutionNode = FALSE
	EndGlobalSection
	GlobalSection(ExtensibilityGlobals) = postSolution
		SolutionGuid = {C843B1D5-214C-4981-8BFB-139F9E727F2F}
	EndGlobalSection
EndGlobal
